# THIS IS AN AUTOGENERATED FILE. DO NOT EDIT THIS FILE DIRECTLY.
# yarn lockfile v1


boolean@^3.0.0:
  version "3.0.0"
  resolved "https://registry.yarnpkg.com/boolean/-/boolean-3.0.0.tgz#fab78d5907dbae6216ab46d32733bb7b76b99e76"
  integrity sha512-OElxJ1lUSinuoUnkpOgLmxp0DC4ytEhODEL6QJU0NpxE/mI4rUSh8h1P1Wkvfi3xQEBcxXR2gBIPNYNuaFcAbQ==

esm@^3.2.25:
  version "3.2.25"
  resolved "https://registry.yarnpkg.com/esm/-/esm-3.2.25.tgz#342c18c29d56157688ba5ce31f8431fbb795cc10"
  integrity sha512-U1suiZ2oDVWv4zPO56S0NcR5QriEahGtdN2OR6FiOG4WJvcjBVFB0qI4+eKoWFH483PKGuLuu6V8Z4T5g63UVA==

lodash.isempty@^4.4.0:
  version "4.4.0"
  resolved "https://registry.yarnpkg.com/lodash.isempty/-/lodash.isempty-4.4.0.tgz#6f86cbedd8be4ec987be9aaf33c9684db1b31e7e"
  integrity sha1-b4bL7di+TsmHvpqvM8loTbGzHn4=

map-env-vars@^0.1.5:
  version "0.1.5"
  resolved "https://registry.yarnpkg.com/map-env-vars/-/map-env-vars-0.1.5.tgz#8a1af8fea5c40b1c990f50196f7a8d485eb9e164"
  integrity sha512-OVXKAG5jUDxJswu+llkyp/b6qI+MXNDOfqzyc1YIfUS3KUVlJblQlL8y/Z2fgGnRTJeVRJvbOIxXVHe2hX4WqQ==
